// !$*UTF8*$!
{
	archiveVersion = 1;
	classes = {
	};
	objectVersion = 60;
	objects = {

/* Begin PBXBuildFile section */
		C4E60000000000000000000D /* CREGApp.swift in Sources */ = {isa = PBXBuildFile; fileRef = C4E600000000000000000005 /* CREGApp.swift */; };
		C4E60000000000000000000E /* Assets.xcassets in Resources */ = {isa = PBXBuildFile; fileRef = C4E600000000000000000006 /* Assets.xcassets */; };
		C4E60000000000000000000F /* creg.sqlite in Resources */ = {isa = PBXBuildFile; fileRef = C4E600000000000000000007 /* creg.sqlite */; };
		C4E60000000000000000001A /* CREGFeatures in Frameworks */ = {isa = PBXBuildFile; productRef = C4E600000000000000000012 /* CREGFeatures */; };
/* End PBXBuildFile section */

/* Begin PBXFileReference section */
		C4E600000000000000000005 /* CREGApp.swift */ = {isa = PBXFileReference; lastKnownFileType = sourcecode.swift; path = CREGApp.swift; sourceTree = "<group>"; };
		C4E600000000000000000006 /* Assets.xcassets */ = {isa = PBXFileReference; lastKnownFileType = folder.assetcatalog; path = Assets.xcassets; sourceTree = "<group>"; };
		C4E600000000000000000007 /* creg.sqlite */ = {isa = PBXFileReference; lastKnownFileType = file; name = creg.sqlite; path = db/creg.sqlite; sourceTree = SOURCE_ROOT; };
		C4E600000000000000000008 /* CREG.app */ = {isa = PBXFileReference; explicitFileType = wrapper.application; includeInIndex = 0; path = CREG.app; sourceTree = BUILT_PRODUCTS_DIR; };
/* End PBXFileReference section */

/* Begin PBXFrameworksBuildPhase section */
		C4E60000000000000000000B /* Frameworks */ = {
			isa = PBXFrameworksBuildPhase;
			buildActionMask = 2147483647;
			files = (
				C4E60000000000000000001A /* CREGFeatures in Frameworks */,
			);
			runOnlyForDeploymentPostprocessing = 0;
		};
/* End PBXFrameworksBuildPhase section */

/* Begin PBXGroup section */
		C4E600000000000000000002 = {
			isa = PBXGroup;
			children = (
				C4E600000000000000000004 /* CREG */,
				C4E600000000000000000007 /* creg.sqlite */,
				C4E600000000000000000003 /* Products */,
			);
			sourceTree = "<group>";
		};
		C4E600000000000000000003 /* Products */ = {
			isa = PBXGroup;
			children = (
				C4E600000000000000000008 /* CREG.app */,
			);
			name = Products;
			sourceTree = "<group>";
		};
		C4E600000000000000000004 /* CREG */ = {
			isa = PBXGroup;
			children = (
				C4E600000000000000000005 /* CREGApp.swift */,
				C4E600000000000000000006 /* Assets.xcassets */,
			);
			path = CREG;
			sourceTree = "<group>";
		};
/* End PBXGroup section */

/* Begin PBXNativeTarget section */
		C4E600000000000000000009 /* CREG */ = {
			isa = PBXNativeTarget;
			buildConfigurationList = C4E600000000000000000016 /* Build configuration list for PBXNativeTarget "CREG" */;
			buildPhases = (
				C4E60000000000000000000A /* Sources */,
				C4E60000000000000000000B /* Frameworks */,
				C4E60000000000000000000C /* Resources */,
				C4E60000000000000000001C /* Materialize Verified Production Model */,
			);
			buildRules = (
			);
			dependencies = (
			);
			name = CREG;
			packageProductDependencies = (
				C4E600000000000000000012 /* CREGFeatures */,
			);
			productName = CREG;
			productReference = C4E600000000000000000008 /* CREG.app */;
			productType = "com.apple.product-type.application";
		};
/* End PBXNativeTarget section */

/* Begin PBXProject section */
		C4E600000000000000000001 /* Project object */ = {
			isa = PBXProject;
			attributes = {
				BuildIndependentTargetsInParallel = YES;
				LastSwiftUpdateCheck = 2600;
				LastUpgradeCheck = 2600;
				TargetAttributes = {
					C4E600000000000000000009 = {
						CreatedOnToolsVersion = 26.0;
					};
				};
			};
			buildConfigurationList = C4E600000000000000000013 /* Build configuration list for PBXProject "CREG" */;
			compatibilityVersion = "Xcode 15.0";
			developmentRegion = en;
			hasScannedForEncodings = 0;
			knownRegions = (
				en,
				Base,
			);
			mainGroup = C4E600000000000000000002;
			packageReferences = (
				C4E600000000000000000011 /* XCLocalSwiftPackageReference "CREGKit" */,
			);
			productRefGroup = C4E600000000000000000003 /* Products */;
			projectDirPath = "";
			projectRoot = "";
			targets = (
				C4E600000000000000000009 /* CREG */,
			);
		};
/* End PBXProject section */

/* Begin PBXResourcesBuildPhase section */
		C4E60000000000000000000C /* Resources */ = {
			isa = PBXResourcesBuildPhase;
			buildActionMask = 2147483647;
			files = (
				C4E60000000000000000000E /* Assets.xcassets in Resources */,
				C4E60000000000000000000F /* creg.sqlite in Resources */,
			);
			runOnlyForDeploymentPostprocessing = 0;
		};
/* End PBXResourcesBuildPhase section */

/* Begin PBXShellScriptBuildPhase section */
		C4E60000000000000000001C /* Materialize Verified Production Model */ = {
			isa = PBXShellScriptBuildPhase;
			alwaysOutOfDate = 1;
			buildActionMask = 2147483647;
			files = (
			);
			inputFileListPaths = (
			);
			inputPaths = (
				"$(SRCROOT)/model-manifest.json",
				"$(SRCROOT)/fine-tuning/uv.lock",
				"$(SRCROOT)/fine-tuning/tools/fetch_model.py",
			);
			name = "Materialize Verified Production Model";
			outputFileListPaths = (
			);
			outputPaths = (
			);
			runOnlyForDeploymentPostprocessing = 0;
			shellPath = /bin/zsh;
			shellScript = "set -euo pipefail\n\nUV_BIN=\"$(command -v uv || true)\"\nif [[ -z \"$UV_BIN\" && -x \"$HOME/.local/bin/uv\" ]]; then\n  UV_BIN=\"$HOME/.local/bin/uv\"\nfi\nif [[ -z \"$UV_BIN\" ]]; then\n  echo \"error: uv is required to materialize the pinned SQL model. Install uv and rebuild.\"\n  exit 1\nfi\n\nRESOURCE_DIR=\"$TARGET_BUILD_DIR/$UNLOCALIZED_RESOURCES_FOLDER_PATH\"\nMODEL_DIR=\"$RESOURCE_DIR/SQLModel\"\nMODELS_CACHE=\"${CREG_MODELS_DIR:-$SRCROOT/models}\"\nmkdir -p \"$RESOURCE_DIR\"\ncp \"$SRCROOT/model-manifest.json\" \"$RESOURCE_DIR/model-manifest.json\"\ncd \"$SRCROOT/fine-tuning\"\n\nif [[ \"$CONFIGURATION\" == \"Release\" ]]; then\n  \"$UV_BIN\" run --frozen python tools/fetch_model.py \\\n    --production --models-dir \"$MODELS_CACHE\" --destination \"$MODEL_DIR\"\nelse\n  if ! \"$UV_BIN\" run --frozen python tools/fetch_model.py \\\n    --production --models-dir \"$MODELS_CACHE\" --local-files-only --destination \"$MODEL_DIR\"; then\n    rm -rf \"$MODEL_DIR\"\n    echo \"warning: No verified cached production model was bundled. Debug will download the pinned Hugging Face revision on first use after production selection.\"\n  fi\nfi\n";
			showEnvVarsInLog = 0;
		};
/* End PBXShellScriptBuildPhase section */

/* Begin PBXSourcesBuildPhase section */
		C4E60000000000000000000A /* Sources */ = {
			isa = PBXSourcesBuildPhase;
			buildActionMask = 2147483647;
			files = (
				C4E60000000000000000000D /* CREGApp.swift in Sources */,
			);
			runOnlyForDeploymentPostprocessing = 0;
		};
/* End PBXSourcesBuildPhase section */

/* Begin XCBuildConfiguration section */
		C4E600000000000000000014 /* Debug */ = {
			isa = XCBuildConfiguration;
			buildSettings = {
				ALWAYS_SEARCH_USER_PATHS = NO;
				CLANG_ENABLE_MODULES = YES;
				CLANG_ENABLE_OBJC_ARC = YES;
				COPY_PHASE_STRIP = NO;
				DEBUG_INFORMATION_FORMAT = dwarf;
				ENABLE_STRICT_OBJC_MSGSEND = YES;
				ENABLE_TESTABILITY = YES;
				ENABLE_USER_SCRIPT_SANDBOXING = YES;
				GCC_C_LANGUAGE_STANDARD = gnu11;
				GCC_DYNAMIC_NO_PIC = NO;
				GCC_NO_COMMON_BLOCKS = YES;
				GCC_OPTIMIZATION_LEVEL = 0;
				GCC_PREPROCESSOR_DEFINITIONS = (
					"DEBUG=1",
					"$(inherited)",
				);
				IPHONEOS_DEPLOYMENT_TARGET = 26.0;
				MTL_ENABLE_DEBUG_INFO = INCLUDE_SOURCE;
				MTL_FAST_MATH = YES;
				ONLY_ACTIVE_ARCH = YES;
				SDKROOT = iphoneos;
				SWIFT_ACTIVE_COMPILATION_CONDITIONS = DEBUG;
				SWIFT_OPTIMIZATION_LEVEL = "-Onone";
				SWIFT_STRICT_CONCURRENCY = complete;
				SWIFT_VERSION = 6.0;
			};
			name = Debug;
		};
		C4E600000000000000000015 /* Release */ = {
			isa = XCBuildConfiguration;
			buildSettings = {
				ALWAYS_SEARCH_USER_PATHS = NO;
				CLANG_ENABLE_MODULES = YES;
				CLANG_ENABLE_OBJC_ARC = YES;
				COPY_PHASE_STRIP = NO;
				DEBUG_INFORMATION_FORMAT = "dwarf-with-dsym";
				ENABLE_NS_ASSERTIONS = NO;
				ENABLE_STRICT_OBJC_MSGSEND = YES;
				ENABLE_USER_SCRIPT_SANDBOXING = YES;
				GCC_C_LANGUAGE_STANDARD = gnu11;
				GCC_NO_COMMON_BLOCKS = YES;
				IPHONEOS_DEPLOYMENT_TARGET = 26.0;
				MTL_ENABLE_DEBUG_INFO = NO;
				MTL_FAST_MATH = YES;
				SDKROOT = iphoneos;
				SWIFT_COMPILATION_MODE = wholemodule;
				SWIFT_OPTIMIZATION_LEVEL = "-O";
				SWIFT_STRICT_CONCURRENCY = complete;
				SWIFT_VERSION = 6.0;
				VALIDATE_PRODUCT = YES;
			};
			name = Release;
		};
		C4E600000000000000000017 /* Debug */ = {
			isa = XCBuildConfiguration;
			buildSettings = {
				ASSETCATALOG_COMPILER_APPICON_NAME = AppIcon;
				CODE_SIGN_STYLE = Automatic;
				CURRENT_PROJECT_VERSION = 1;
				DEVELOPMENT_TEAM = MGPHJKUJSY;
				ENABLE_PREVIEWS = YES;
				ENABLE_USER_SCRIPT_SANDBOXING = NO;
				GENERATE_INFOPLIST_FILE = YES;
				INFOPLIST_KEY_UIApplicationSceneManifest_Generation = YES;
				INFOPLIST_KEY_UIApplicationSupportsIndirectInputEvents = YES;
				INFOPLIST_KEY_UILaunchScreen_Generation = YES;
				INFOPLIST_KEY_UISupportedInterfaceOrientations_iPad = "UIInterfaceOrientationPortrait UIInterfaceOrientationPortraitUpsideDown UIInterfaceOrientationLandscapeLeft UIInterfaceOrientationLandscapeRight";
				INFOPLIST_KEY_UISupportedInterfaceOrientations_iPhone = "UIInterfaceOrientationPortrait UIInterfaceOrientationLandscapeLeft UIInterfaceOrientationLandscapeRight";
				LD_RUNPATH_SEARCH_PATHS = (
					"$(inherited)",
					"@executable_path/Frameworks",
				);
				MARKETING_VERSION = 1.0;
				PRODUCT_BUNDLE_IDENTIFIER = dev.haroldmartin.CREG;
				PRODUCT_NAME = "$(TARGET_NAME)";
				TARGETED_DEVICE_FAMILY = "1,2";
			};
			name = Debug;
		};
		C4E600000000000000000018 /* Release */ = {
			isa = XCBuildConfiguration;
			buildSettings = {
				ASSETCATALOG_COMPILER_APPICON_NAME = AppIcon;
				CODE_SIGN_STYLE = Automatic;
				CURRENT_PROJECT_VERSION = 1;
				DEVELOPMENT_TEAM = MGPHJKUJSY;
				ENABLE_PREVIEWS = YES;
				ENABLE_USER_SCRIPT_SANDBOXING = NO;
				GENERATE_INFOPLIST_FILE = YES;
				INFOPLIST_KEY_UIApplicationSceneManifest_Generation = YES;
				INFOPLIST_KEY_UIApplicationSupportsIndirectInputEvents = YES;
				INFOPLIST_KEY_UILaunchScreen_Generation = YES;
				INFOPLIST_KEY_UISupportedInterfaceOrientations_iPad = "UIInterfaceOrientationPortrait UIInterfaceOrientationPortraitUpsideDown UIInterfaceOrientationLandscapeLeft UIInterfaceOrientationLandscapeRight";
				INFOPLIST_KEY_UISupportedInterfaceOrientations_iPhone = "UIInterfaceOrientationPortrait UIInterfaceOrientationLandscapeLeft UIInterfaceOrientationLandscapeRight";
				LD_RUNPATH_SEARCH_PATHS = (
					"$(inherited)",
					"@executable_path/Frameworks",
				);
				MARKETING_VERSION = 1.0;
				PRODUCT_BUNDLE_IDENTIFIER = dev.haroldmartin.CREG;
				PRODUCT_NAME = "$(TARGET_NAME)";
				TARGETED_DEVICE_FAMILY = "1,2";
			};
			name = Release;
		};
/* End XCBuildConfiguration section */

/* Begin XCConfigurationList section */
		C4E600000000000000000013 /* Build configuration list for PBXProject "CREG" */ = {
			isa = XCConfigurationList;
			buildConfigurations = (
				C4E600000000000000000014 /* Debug */,
				C4E600000000000000000015 /* Release */,
			);
			defaultConfigurationIsVisible = 0;
			defaultConfigurationName = Release;
		};
		C4E600000000000000000016 /* Build configuration list for PBXNativeTarget "CREG" */ = {
			isa = XCConfigurationList;
			buildConfigurations = (
				C4E600000000000000000017 /* Debug */,
				C4E600000000000000000018 /* Release */,
			);
			defaultConfigurationIsVisible = 0;
			defaultConfigurationName = Release;
		};
/* End XCConfigurationList section */

/* Begin XCLocalSwiftPackageReference section */
		C4E600000000000000000011 /* XCLocalSwiftPackageReference "CREGKit" */ = {
			isa = XCLocalSwiftPackageReference;
			relativePath = CREGKit;
		};
/* End XCLocalSwiftPackageReference section */

/* Begin XCSwiftPackageProductDependency section */
		C4E600000000000000000012 /* CREGFeatures */ = {
			isa = XCSwiftPackageProductDependency;
			productName = CREGFeatures;
		};
/* End XCSwiftPackageProductDependency section */
	};
	rootObject = C4E600000000000000000001 /* Project object */;
}
